
Microsoft Visual Studio Solution File, Format Version 12.00
# Visual Studio Version 17
VisualStudioVersion = 17.14.36221.1 d17.14
MinimumVisualStudioVersion = 10.0.40219.1
Project("{FAE04EC0-301F-11D3-BF4B-00C04F79EFBC}") = "LingoForge", "LingoForge\LingoForge.csproj", "{BC9D0D02-5F7D-4C9E-914E-579E8EDD0C5A}"
EndProject
Project("{FAE04EC0-301F-11D3-BF4B-00C04F79EFBC}") = "LingoForge.Domain", "LingoForge.Domain\LingoForge.Domain.csproj", "{95897A25-FD1C-4D77-9B21-550A6F702335}"
EndProject
Project("{FAE04EC0-301F-11D3-BF4B-00C04F79EFBC}") = "LingoForge.Application", "LingoForge.Application\LingoForge.Application.csproj", "{A7C09672-3F5D-4793-8C2D-08F565DB967D}"
EndProject
Project("{FAE04EC0-301F-11D3-BF4B-00C04F79EFBC}") = "LingoForge.Infrastructure", "LingoForge.Infrastructure\LingoForge.Infrastructure.csproj", "{6F9F6B17-7BAD-43A6-BB92-1E07E8518331}"
EndProject
Global
	GlobalSection(SolutionConfigurationPlatforms) = preSolution
		Debug|Any CPU = Debug|Any CPU
		Release|Any CPU = Release|Any CPU
	EndGlobalSection
	GlobalSection(ProjectConfigurationPlatforms) = postSolution
		{BC9D0D02-5F7D-4C9E-914E-579E8EDD0C5A}.Debug|Any CPU.ActiveCfg = Debug|Any CPU
		{BC9D0D02-5F7D-4C9E-914E-579E8EDD0C5A}.Debug|Any CPU.Build.0 = Debug|Any CPU
		{BC9D0D02-5F7D-4C9E-914E-579E8EDD0C5A}.Release|Any CPU.ActiveCfg = Release|Any CPU
		{BC9D0D02-5F7D-4C9E-914E-579E8EDD0C5A}.Release|Any CPU.Build.0 = Release|Any CPU
		{95897A25-FD1C-4D77-9B21-550A6F702335}.Debug|Any CPU.ActiveCfg = Debug|Any CPU
		{95897A25-FD1C-4D77-9B21-550A6F702335}.Debug|Any CPU.Build.0 = Debug|Any CPU
		{95897A25-FD1C-4D77-9B21-550A6F702335}.Release|Any CPU.ActiveCfg = Release|Any CPU
		{95897A25-FD1C-4D77-9B21-550A6F702335}.Release|Any CPU.Build.0 = Release|Any CPU
		{A7C09672-3F5D-4793-8C2D-08F565DB967D}.Debug|Any CPU.ActiveCfg = Debug|Any CPU
		{A7C09672-3F5D-4793-8C2D-08F565DB967D}.Debug|Any CPU.Build.0 = Debug|Any CPU
		{A7C09672-3F5D-4793-8C2D-08F565DB967D}.Release|Any CPU.ActiveCfg = Release|Any CPU
		{A7C09672-3F5D-4793-8C2D-08F565DB967D}.Release|Any CPU.Build.0 = Release|Any CPU
		{6F9F6B17-7BAD-43A6-BB92-1E07E8518331}.Debug|Any CPU.ActiveCfg = Debug|Any CPU
		{6F9F6B17-7BAD-43A6-BB92-1E07E8518331}.Debug|Any CPU.Build.0 = Debug|Any CPU
		{6F9F6B17-7BAD-43A6-BB92-1E07E8518331}.Release|Any CPU.ActiveCfg = Release|Any CPU
		{6F9F6B17-7BAD-43A6-BB92-1E07E8518331}.Release|Any CPU.Build.0 = Release|Any CPU
	EndGlobalSection
	GlobalSection(SolutionProperties) = preSolution
		HideSolutionNode = FALSE
	EndGlobalSection
	GlobalSection(ExtensibilityGlobals) = postSolution
		SolutionGuid = {118E1009-8083-42E7-87C2-384CD4D78AD3}
	EndGlobalSection
EndGlobal
